<?xml version="1.0" encoding="UTF-8" standalone="yes" ?>
<CodeBlocks_project_file>
	<FileVersion major="1" minor="6" />
	<Project>
		<Option title="ourlib" />
		<Option pch_mode="2" />
		<Option compiler="gcc" />
		<Build>
			<Target title="Debug">
				<Option output="bin\Debug\ourlib" prefix_auto="1" extension_auto="1" />
				<Option object_output="obj\Debug\" />
				<Option type="1" />
				<Option compiler="gcc" />
				<Compiler>
					<Add option="-g" />
				</Compiler>
			</Target>
		</Build>
		<Compiler>
			<Add option="-Wall" />
		</Compiler>
		<Unit filename="Application.cpp" />
		<Unit filename="Application.h" />
		<Unit filename="ApplicationException.cpp" />
		<Unit filename="ApplicationException.h" />
		<Unit filename="Controller.cpp" />
		<Unit filename="Controller.h" />
		<Unit filename="Date.cpp" />
		<Unit filename="Date.h" />
		<Unit filename="Loan.cpp" />
		<Unit filename="Loan.h" />
		<Unit filename="Magazine.cpp" />
		<Unit filename="Magazine.h" />
		<Unit filename="MainDriver.cpp" />
		<Unit filename="Member.cpp" />
		<Unit filename="Member.h" />
		<Unit filename="MenuBuilder.cpp" />
		<Unit filename="MenuBuilder.h" />
		<Unit filename="ReferenceMaterial.cpp" />
		<Unit filename="ReferenceMaterial.h" />
		<Unit filename="ResearchPaper.cpp" />
		<Unit filename="ResearchPaper.h" />
		<Unit filename="Serializer.hpp" />
		<Unit filename="TextBook.cpp" />
		<Unit filename="TextBook.h" />
		<Unit filename="forms\FormInputBuilder.cpp" />
		<Unit filename="forms\FormInputBuilder.h" />
		<Unit filename="forms\LoanReturnForm.cpp" />
		<Unit filename="forms\LoanReturnForm.h" />
		<Unit filename="forms\MagazineForm.cpp" />
		<Unit filename="forms\MagazineForm.h" />
		<Unit filename="forms\MemberForm.cpp" />
		<Unit filename="forms\MemberForm.h" />
		<Unit filename="forms\ResearchPaperForm.cpp" />
		<Unit filename="forms\ResearchPaperForm.h" />
		<Unit filename="forms\TextBookForm.cpp" />
		<Unit filename="forms\TextBookForm.h" />
		<Unit filename="forms\Validator.cpp" />
		<Unit filename="forms\Validator.h" />
		<Unit filename="gui\console\console.cpp" />
		<Unit filename="gui\console\console.h" />
		<Unit filename="gui\console\frame.cpp" />
		<Unit filename="gui\console\frame.h" />
		<Unit filename="gui\console\item.cpp" />
		<Unit filename="gui\console\item.h" />
		<Unit filename="gui\console\line.cpp" />
		<Unit filename="gui\console\line.h" />
		<Unit filename="gui\console\media.cpp" />
		<Unit filename="gui\console\media.h" />
		<Unit filename="gui\console\scroller.cpp" />
		<Unit filename="gui\console\scroller.h" />
		<Unit filename="sound\button-15.wav" />
		<Unit filename="sound\button-21.wav" />
		<Unit filename="sound\button-23.wav" />
		<Unit filename="sound\button-28.wav" />
		<Extensions>
			<code_completion />
			<debugger />
		</Extensions>
	</Project>
</CodeBlocks_project_file>
